// !$*UTF8*$!
{
	archiveVersion = 1;
	classes = {
	};
	objectVersion = 46;
	objects = {

/* Begin PBXBuildFile section */
		2610B2B31B52E73C00DAD825 /* NSDate.swift in Sources */ = {isa = PBXBuildFile; fileRef = 2610B2B21B52E73C00DAD825 /* NSDate.swift */; };
		265050211B62D2DC00100EBF /* MQLoadableViewController.swift in Sources */ = {isa = PBXBuildFile; fileRef = 265050201B62D2DC00100EBF /* MQLoadableViewController.swift */; };
		2650C9891B5234900003C245 /* MKMapView.swift in Sources */ = {isa = PBXBuildFile; fileRef = 2650C9881B5234900003C245 /* MKMapView.swift */; };
		2664407A1B56CB1C00186C4B /* MQFieldCell.swift in Sources */ = {isa = PBXBuildFile; fileRef = 2664406E1B56CB1C00186C4B /* MQFieldCell.swift */; };
		2664407B1B56CB1C00186C4B /* MQFieldPickerView.swift in Sources */ = {isa = PBXBuildFile; fileRef = 2664406F1B56CB1C00186C4B /* MQFieldPickerView.swift */; };
		2664407C1B56CB1C00186C4B /* MQFieldTextField.swift in Sources */ = {isa = PBXBuildFile; fileRef = 266440701B56CB1C00186C4B /* MQFieldTextField.swift */; };
		2664407D1B56CB1C00186C4B /* MQDefaultNoResultsView.swift in Sources */ = {isa = PBXBuildFile; fileRef = 266440721B56CB1C00186C4B /* MQDefaultNoResultsView.swift */; };
		2664407E1B56CB1C00186C4B /* MQDefaultRetryView.swift in Sources */ = {isa = PBXBuildFile; fileRef = 266440731B56CB1C00186C4B /* MQDefaultRetryView.swift */; };
		2664407F1B56CB1C00186C4B /* MQDefaultStartingView.swift in Sources */ = {isa = PBXBuildFile; fileRef = 266440741B56CB1C00186C4B /* MQDefaultStartingView.swift */; };
		266440801B56CB1C00186C4B /* MQLoadingOverlay.swift in Sources */ = {isa = PBXBuildFile; fileRef = 266440751B56CB1C00186C4B /* MQLoadingOverlay.swift */; };
		266440811B56CB1C00186C4B /* MQLoadingView.swift in Sources */ = {isa = PBXBuildFile; fileRef = 266440761B56CB1C00186C4B /* MQLoadingView.swift */; };
		266440821B56CB1C00186C4B /* MQNoResultsView.swift in Sources */ = {isa = PBXBuildFile; fileRef = 266440771B56CB1C00186C4B /* MQNoResultsView.swift */; };
		266440831B56CB1C00186C4B /* MQRetryView.swift in Sources */ = {isa = PBXBuildFile; fileRef = 266440781B56CB1C00186C4B /* MQRetryView.swift */; };
		266440841B56CB1C00186C4B /* MQStartingView.swift in Sources */ = {isa = PBXBuildFile; fileRef = 266440791B56CB1C00186C4B /* MQStartingView.swift */; };
		266440861B56CB5400186C4B /* MQFieldTextView.swift in Sources */ = {isa = PBXBuildFile; fileRef = 266440851B56CB5400186C4B /* MQFieldTextView.swift */; };
		2666595D1B257F87003F24F8 /* MQButton.swift in Sources */ = {isa = PBXBuildFile; fileRef = 2666595C1B257F87003F24F8 /* MQButton.swift */; };
		2666595F1B258080003F24F8 /* MQLabelButton.swift in Sources */ = {isa = PBXBuildFile; fileRef = 2666595E1B258080003F24F8 /* MQLabelButton.swift */; };
		266659611B2581A1003F24F8 /* MQImageButton.swift in Sources */ = {isa = PBXBuildFile; fileRef = 266659601B2581A1003F24F8 /* MQImageButton.swift */; };
		267207561BE5C1DD0041E17D /* MQErrorBuilder.swift in Sources */ = {isa = PBXBuildFile; fileRef = 267207551BE5C1DD0041E17D /* MQErrorBuilder.swift */; };
		267B856B1B185DCA00AAF8E8 /* Double.swift in Sources */ = {isa = PBXBuildFile; fileRef = 267B856A1B185DCA00AAF8E8 /* Double.swift */; };
		267D5F9A1AE4CFEC002A2C8D /* UIViewController.swift in Sources */ = {isa = PBXBuildFile; fileRef = 267D5F991AE4CFEC002A2C8D /* UIViewController.swift */; };
		2682CA8B1AE1B6790039CBB1 /* String.swift in Sources */ = {isa = PBXBuildFile; fileRef = 2682CA8A1AE1B6790039CBB1 /* String.swift */; };
		2682CA8D1AE1BA970039CBB1 /* NSCharacterSet.swift in Sources */ = {isa = PBXBuildFile; fileRef = 2682CA8C1AE1BA970039CBB1 /* NSCharacterSet.swift */; };
		269459351AE0B8F300B92DC0 /* NSLayoutConstraint.swift in Sources */ = {isa = PBXBuildFile; fileRef = 269459341AE0B8F300B92DC0 /* NSLayoutConstraint.swift */; };
		26A07BD71B182607006250CF /* MQAspectFitLabel.swift in Sources */ = {isa = PBXBuildFile; fileRef = 26A07BD61B182607006250CF /* MQAspectFitLabel.swift */; };
		26B416691AF7471700CF80B0 /* MQTableViewCell.swift in Sources */ = {isa = PBXBuildFile; fileRef = 26B416681AF7471700CF80B0 /* MQTableViewCell.swift */; };
		26CBAF081B6F765B00A7BB5D /* MQAlertDialog.swift in Sources */ = {isa = PBXBuildFile; fileRef = 26CBAEF41B6F765B00A7BB5D /* MQAlertDialog.swift */; };
		26CBAF091B6F765B00A7BB5D /* MQConfirmDialog.swift in Sources */ = {isa = PBXBuildFile; fileRef = 26CBAEF51B6F765B00A7BB5D /* MQConfirmDialog.swift */; };
		26CBAF0A1B6F765B00A7BB5D /* MQErrorDialog.swift in Sources */ = {isa = PBXBuildFile; fileRef = 26CBAEF61B6F765B00A7BB5D /* MQErrorDialog.swift */; };
		26CBAF0B1B6F765B00A7BB5D /* MQError.swift in Sources */ = {isa = PBXBuildFile; fileRef = 26CBAEF81B6F765B00A7BB5D /* MQError.swift */; };
		26CBAF0D1B6F765B00A7BB5D /* MQDataModel.swift in Sources */ = {isa = PBXBuildFile; fileRef = 26CBAEFB1B6F765B00A7BB5D /* MQDataModel.swift */; };
		26CBAF0E1B6F765B00A7BB5D /* MQField.swift in Sources */ = {isa = PBXBuildFile; fileRef = 26CBAEFC1B6F765B00A7BB5D /* MQField.swift */; };
		26CBAF0F1B6F765B00A7BB5D /* MQFieldCollection.swift in Sources */ = {isa = PBXBuildFile; fileRef = 26CBAEFD1B6F765B00A7BB5D /* MQFieldCollection.swift */; };
		26CBAF101B6F765B00A7BB5D /* MQFieldTextFieldDelegate.swift in Sources */ = {isa = PBXBuildFile; fileRef = 26CBAEFE1B6F765B00A7BB5D /* MQFieldTextFieldDelegate.swift */; };
		26CBAF111B6F765B00A7BB5D /* MQArchivableValueType.swift in Sources */ = {isa = PBXBuildFile; fileRef = 26CBAEFF1B6F765B00A7BB5D /* MQArchivableValueType.swift */; };
		26CBAF121B6F765B00A7BB5D /* MQDispatcher.swift in Sources */ = {isa = PBXBuildFile; fileRef = 26CBAF001B6F765B00A7BB5D /* MQDispatcher.swift */; };
		26CBAF131B6F765B00A7BB5D /* MQFileManager.swift in Sources */ = {isa = PBXBuildFile; fileRef = 26CBAF011B6F765B00A7BB5D /* MQFileManager.swift */; };
		26CBAF141B6F765B00A7BB5D /* MQNSNotificationObject.swift in Sources */ = {isa = PBXBuildFile; fileRef = 26CBAF021B6F765B00A7BB5D /* MQNSNotificationObject.swift */; };
		26CBAF151B6F765B00A7BB5D /* MQAsynchronousOperation.swift in Sources */ = {isa = PBXBuildFile; fileRef = 26CBAF041B6F765B00A7BB5D /* MQAsynchronousOperation.swift */; };
		26CBAF161B6F765B00A7BB5D /* MQChainedOperation.swift in Sources */ = {isa = PBXBuildFile; fileRef = 26CBAF051B6F765B00A7BB5D /* MQChainedOperation.swift */; };
		26CBAF171B6F765B00A7BB5D /* MQOperation.swift in Sources */ = {isa = PBXBuildFile; fileRef = 26CBAF061B6F765B00A7BB5D /* MQOperation.swift */; };
		26CBAF181B6F765B00A7BB5D /* MQURLOperation.swift in Sources */ = {isa = PBXBuildFile; fileRef = 26CBAF071B6F765B00A7BB5D /* MQURLOperation.swift */; };
		26E9FE911ADE090B00E92745 /* MQBoilerplateSwift.h in Headers */ = {isa = PBXBuildFile; fileRef = 26E9FE901ADE090B00E92745 /* MQBoilerplateSwift.h */; settings = {ATTRIBUTES = (Public, ); }; };
		26E9FE971ADE090B00E92745 /* MQBoilerplateSwift.framework in Frameworks */ = {isa = PBXBuildFile; fileRef = 26E9FE8B1ADE090B00E92745 /* MQBoilerplateSwift.framework */; };
		26E9FE9E1ADE090B00E92745 /* MQBoilerplateSwiftTests.swift in Sources */ = {isa = PBXBuildFile; fileRef = 26E9FE9D1ADE090B00E92745 /* MQBoilerplateSwiftTests.swift */; };
		26E9FEAB1ADE098100E92745 /* UIView.swift in Sources */ = {isa = PBXBuildFile; fileRef = 26E9FEAA1ADE098100E92745 /* UIView.swift */; };
		26F28AE01ADF89960070A08B /* MQStartupViewController.swift in Sources */ = {isa = PBXBuildFile; fileRef = 26F28ADF1ADF89960070A08B /* MQStartupViewController.swift */; };
		26F28AFB1ADF90D10070A08B /* UIColor.swift in Sources */ = {isa = PBXBuildFile; fileRef = 26F28AFA1ADF90D10070A08B /* UIColor.swift */; };
		26F531571B0E53F800D4AF08 /* Functions.swift in Sources */ = {isa = PBXBuildFile; fileRef = 26F531561B0E53F800D4AF08 /* Functions.swift */; };
/* End PBXBuildFile section */

/* Begin PBXContainerItemProxy section */
		26E9FE981ADE090B00E92745 /* PBXContainerItemProxy */ = {
			isa = PBXContainerItemProxy;
			containerPortal = 26E9FE821ADE090B00E92745 /* Project object */;
			proxyType = 1;
			remoteGlobalIDString = 26E9FE8A1ADE090B00E92745;
			remoteInfo = MQBoilerplateSwift;
		};
/* End PBXContainerItemProxy section */

/* Begin PBXFileReference section */
		2610B2B21B52E73C00DAD825 /* NSDate.swift */ = {isa = PBXFileReference; fileEncoding = 4; lastKnownFileType = sourcecode.swift; path = NSDate.swift; sourceTree = "<group>"; };
		265050201B62D2DC00100EBF /* MQLoadableViewController.swift */ = {isa = PBXFileReference; fileEncoding = 4; lastKnownFileType = sourcecode.swift; lineEnding = 0; path = MQLoadableViewController.swift; sourceTree = "<group>"; xcLanguageSpecificationIdentifier = xcode.lang.swift; };
		2650C9881B5234900003C245 /* MKMapView.swift */ = {isa = PBXFileReference; fileEncoding = 4; lastKnownFileType = sourcecode.swift; path = MKMapView.swift; sourceTree = "<group>"; };
		265A067F1ADE555400826150 /* Info.plist */ = {isa = PBXFileReference; fileEncoding = 4; lastKnownFileType = text.plist.xml; path = Info.plist; sourceTree = "<group>"; };
		2664406E1B56CB1C00186C4B /* MQFieldCell.swift */ = {isa = PBXFileReference; fileEncoding = 4; lastKnownFileType = sourcecode.swift; path = MQFieldCell.swift; sourceTree = "<group>"; };
		2664406F1B56CB1C00186C4B /* MQFieldPickerView.swift */ = {isa = PBXFileReference; fileEncoding = 4; lastKnownFileType = sourcecode.swift; path = MQFieldPickerView.swift; sourceTree = "<group>"; };
		266440701B56CB1C00186C4B /* MQFieldTextField.swift */ = {isa = PBXFileReference; fileEncoding = 4; lastKnownFileType = sourcecode.swift; path = MQFieldTextField.swift; sourceTree = "<group>"; };
		266440721B56CB1C00186C4B /* MQDefaultNoResultsView.swift */ = {isa = PBXFileReference; fileEncoding = 4; lastKnownFileType = sourcecode.swift; path = MQDefaultNoResultsView.swift; sourceTree = "<group>"; };
		266440731B56CB1C00186C4B /* MQDefaultRetryView.swift */ = {isa = PBXFileReference; fileEncoding = 4; lastKnownFileType = sourcecode.swift; path = MQDefaultRetryView.swift; sourceTree = "<group>"; };
		266440741B56CB1C00186C4B /* MQDefaultStartingView.swift */ = {isa = PBXFileReference; fileEncoding = 4; lastKnownFileType = sourcecode.swift; path = MQDefaultStartingView.swift; sourceTree = "<group>"; };
		266440751B56CB1C00186C4B /* MQLoadingOverlay.swift */ = {isa = PBXFileReference; fileEncoding = 4; lastKnownFileType = sourcecode.swift; path = MQLoadingOverlay.swift; sourceTree = "<group>"; };
		266440761B56CB1C00186C4B /* MQLoadingView.swift */ = {isa = PBXFileReference; fileEncoding = 4; lastKnownFileType = sourcecode.swift; path = MQLoadingView.swift; sourceTree = "<group>"; };
		266440771B56CB1C00186C4B /* MQNoResultsView.swift */ = {isa = PBXFileReference; fileEncoding = 4; lastKnownFileType = sourcecode.swift; path = MQNoResultsView.swift; sourceTree = "<group>"; };
		266440781B56CB1C00186C4B /* MQRetryView.swift */ = {isa = PBXFileReference; fileEncoding = 4; lastKnownFileType = sourcecode.swift; path = MQRetryView.swift; sourceTree = "<group>"; };
		266440791B56CB1C00186C4B /* MQStartingView.swift */ = {isa = PBXFileReference; fileEncoding = 4; lastKnownFileType = sourcecode.swift; path = MQStartingView.swift; sourceTree = "<group>"; };
		266440851B56CB5400186C4B /* MQFieldTextView.swift */ = {isa = PBXFileReference; fileEncoding = 4; lastKnownFileType = sourcecode.swift; path = MQFieldTextView.swift; sourceTree = "<group>"; };
		2666595C1B257F87003F24F8 /* MQButton.swift */ = {isa = PBXFileReference; fileEncoding = 4; lastKnownFileType = sourcecode.swift; path = MQButton.swift; sourceTree = "<group>"; };
		2666595E1B258080003F24F8 /* MQLabelButton.swift */ = {isa = PBXFileReference; fileEncoding = 4; lastKnownFileType = sourcecode.swift; path = MQLabelButton.swift; sourceTree = "<group>"; };
		266659601B2581A1003F24F8 /* MQImageButton.swift */ = {isa = PBXFileReference; fileEncoding = 4; lastKnownFileType = sourcecode.swift; path = MQImageButton.swift; sourceTree = "<group>"; };
		267207551BE5C1DD0041E17D /* MQErrorBuilder.swift */ = {isa = PBXFileReference; fileEncoding = 4; lastKnownFileType = sourcecode.swift; path = MQErrorBuilder.swift; sourceTree = "<group>"; };
		267B856A1B185DCA00AAF8E8 /* Double.swift */ = {isa = PBXFileReference; fileEncoding = 4; lastKnownFileType = sourcecode.swift; path = Double.swift; sourceTree = "<group>"; };
		267D5F991AE4CFEC002A2C8D /* UIViewController.swift */ = {isa = PBXFileReference; fileEncoding = 4; lastKnownFileType = sourcecode.swift; path = UIViewController.swift; sourceTree = "<group>"; };
		2682CA8A1AE1B6790039CBB1 /* String.swift */ = {isa = PBXFileReference; fileEncoding = 4; lastKnownFileType = sourcecode.swift; path = String.swift; sourceTree = "<group>"; };
		2682CA8C1AE1BA970039CBB1 /* NSCharacterSet.swift */ = {isa = PBXFileReference; fileEncoding = 4; lastKnownFileType = sourcecode.swift; path = NSCharacterSet.swift; sourceTree = "<group>"; };
		2682CAED1AE36D2C0039CBB1 /* README.md */ = {isa = PBXFileReference; fileEncoding = 4; lastKnownFileType = net.daringfireball.markdown; path = README.md; sourceTree = "<group>"; };
		269459341AE0B8F300B92DC0 /* NSLayoutConstraint.swift */ = {isa = PBXFileReference; fileEncoding = 4; lastKnownFileType = sourcecode.swift; path = NSLayoutConstraint.swift; sourceTree = "<group>"; };
		26A07BD61B182607006250CF /* MQAspectFitLabel.swift */ = {isa = PBXFileReference; fileEncoding = 4; lastKnownFileType = sourcecode.swift; path = MQAspectFitLabel.swift; sourceTree = "<group>"; };
		26B416681AF7471700CF80B0 /* MQTableViewCell.swift */ = {isa = PBXFileReference; fileEncoding = 4; lastKnownFileType = sourcecode.swift; path = MQTableViewCell.swift; sourceTree = "<group>"; };
		26CBAEF41B6F765B00A7BB5D /* MQAlertDialog.swift */ = {isa = PBXFileReference; fileEncoding = 4; lastKnownFileType = sourcecode.swift; path = MQAlertDialog.swift; sourceTree = "<group>"; };
		26CBAEF51B6F765B00A7BB5D /* MQConfirmDialog.swift */ = {isa = PBXFileReference; fileEncoding = 4; lastKnownFileType = sourcecode.swift; path = MQConfirmDialog.swift; sourceTree = "<group>"; };
		26CBAEF61B6F765B00A7BB5D /* MQErrorDialog.swift */ = {isa = PBXFileReference; fileEncoding = 4; lastKnownFileType = sourcecode.swift; path = MQErrorDialog.swift; sourceTree = "<group>"; };
		26CBAEF81B6F765B00A7BB5D /* MQError.swift */ = {isa = PBXFileReference; fileEncoding = 4; lastKnownFileType = sourcecode.swift; path = MQError.swift; sourceTree = "<group>"; };
		26CBAEFB1B6F765B00A7BB5D /* MQDataModel.swift */ = {isa = PBXFileReference; fileEncoding = 4; lastKnownFileType = sourcecode.swift; path = MQDataModel.swift; sourceTree = "<group>"; };
		26CBAEFC1B6F765B00A7BB5D /* MQField.swift */ = {isa = PBXFileReference; fileEncoding = 4; lastKnownFileType = sourcecode.swift; path = MQField.swift; sourceTree = "<group>"; };
		26CBAEFD1B6F765B00A7BB5D /* MQFieldCollection.swift */ = {isa = PBXFileReference; fileEncoding = 4; lastKnownFileType = sourcecode.swift; path = MQFieldCollection.swift; sourceTree = "<group>"; };
		26CBAEFE1B6F765B00A7BB5D /* MQFieldTextFieldDelegate.swift */ = {isa = PBXFileReference; fileEncoding = 4; lastKnownFileType = sourcecode.swift; path = MQFieldTextFieldDelegate.swift; sourceTree = "<group>"; };
		26CBAEFF1B6F765B00A7BB5D /* MQArchivableValueType.swift */ = {isa = PBXFileReference; fileEncoding = 4; lastKnownFileType = sourcecode.swift; path = MQArchivableValueType.swift; sourceTree = "<group>"; };
		26CBAF001B6F765B00A7BB5D /* MQDispatcher.swift */ = {isa = PBXFileReference; fileEncoding = 4; lastKnownFileType = sourcecode.swift; path = MQDispatcher.swift; sourceTree = "<group>"; };
		26CBAF011B6F765B00A7BB5D /* MQFileManager.swift */ = {isa = PBXFileReference; fileEncoding = 4; lastKnownFileType = sourcecode.swift; path = MQFileManager.swift; sourceTree = "<group>"; };
		26CBAF021B6F765B00A7BB5D /* MQNSNotificationObject.swift */ = {isa = PBXFileReference; fileEncoding = 4; lastKnownFileType = sourcecode.swift; path = MQNSNotificationObject.swift; sourceTree = "<group>"; };
		26CBAF041B6F765B00A7BB5D /* MQAsynchronousOperation.swift */ = {isa = PBXFileReference; fileEncoding = 4; lastKnownFileType = sourcecode.swift; path = MQAsynchronousOperation.swift; sourceTree = "<group>"; };
		26CBAF051B6F765B00A7BB5D /* MQChainedOperation.swift */ = {isa = PBXFileReference; fileEncoding = 4; lastKnownFileType = sourcecode.swift; path = MQChainedOperation.swift; sourceTree = "<group>"; };
		26CBAF061B6F765B00A7BB5D /* MQOperation.swift */ = {isa = PBXFileReference; fileEncoding = 4; lastKnownFileType = sourcecode.swift; path = MQOperation.swift; sourceTree = "<group>"; };
		26CBAF071B6F765B00A7BB5D /* MQURLOperation.swift */ = {isa = PBXFileReference; fileEncoding = 4; lastKnownFileType = sourcecode.swift; path = MQURLOperation.swift; sourceTree = "<group>"; };
		26E9FE8B1ADE090B00E92745 /* MQBoilerplateSwift.framework */ = {isa = PBXFileReference; explicitFileType = wrapper.framework; includeInIndex = 0; path = MQBoilerplateSwift.framework; sourceTree = BUILT_PRODUCTS_DIR; };
		26E9FE901ADE090B00E92745 /* MQBoilerplateSwift.h */ = {isa = PBXFileReference; lastKnownFileType = sourcecode.c.h; path = MQBoilerplateSwift.h; sourceTree = "<group>"; };
		26E9FE961ADE090B00E92745 /* MQBoilerplateSwiftTests.xctest */ = {isa = PBXFileReference; explicitFileType = wrapper.cfbundle; includeInIndex = 0; path = MQBoilerplateSwiftTests.xctest; sourceTree = BUILT_PRODUCTS_DIR; };
		26E9FE9C1ADE090B00E92745 /* Info.plist */ = {isa = PBXFileReference; lastKnownFileType = text.plist.xml; path = Info.plist; sourceTree = "<group>"; };
		26E9FE9D1ADE090B00E92745 /* MQBoilerplateSwiftTests.swift */ = {isa = PBXFileReference; lastKnownFileType = sourcecode.swift; path = MQBoilerplateSwiftTests.swift; sourceTree = "<group>"; };
		26E9FEAA1ADE098100E92745 /* UIView.swift */ = {isa = PBXFileReference; fileEncoding = 4; lastKnownFileType = sourcecode.swift; path = UIView.swift; sourceTree = "<group>"; };
		26F28ADF1ADF89960070A08B /* MQStartupViewController.swift */ = {isa = PBXFileReference; fileEncoding = 4; lastKnownFileType = sourcecode.swift; path = MQStartupViewController.swift; sourceTree = "<group>"; };
		26F28AFA1ADF90D10070A08B /* UIColor.swift */ = {isa = PBXFileReference; fileEncoding = 4; lastKnownFileType = sourcecode.swift; path = UIColor.swift; sourceTree = "<group>"; };
		26F531561B0E53F800D4AF08 /* Functions.swift */ = {isa = PBXFileReference; fileEncoding = 4; lastKnownFileType = sourcecode.swift; path = Functions.swift; sourceTree = "<group>"; };
/* End PBXFileReference section */

/* Begin PBXFrameworksBuildPhase section */
		26E9FE871ADE090B00E92745 /* Frameworks */ = {
			isa = PBXFrameworksBuildPhase;
			buildActionMask = 2147483647;
			files = (
			);
			runOnlyForDeploymentPostprocessing = 0;
		};
		26E9FE931ADE090B00E92745 /* Frameworks */ = {
			isa = PBXFrameworksBuildPhase;
			buildActionMask = 2147483647;
			files = (
				26E9FE971ADE090B00E92745 /* MQBoilerplateSwift.framework in Frameworks */,
			);
			runOnlyForDeploymentPostprocessing = 0;
		};
/* End PBXFrameworksBuildPhase section */

/* Begin PBXGroup section */
		265A067D1ADE555400826150 /* Objects */ = {
			isa = PBXGroup;
			children = (
				26CBAEF31B6F765B00A7BB5D /* Dialogs */,
				26CBAEF71B6F765B00A7BB5D /* Error Handling */,
				26CBAEFA1B6F765B00A7BB5D /* Form Fields */,
				26CBAEFF1B6F765B00A7BB5D /* MQArchivableValueType.swift */,
				26CBAF001B6F765B00A7BB5D /* MQDispatcher.swift */,
				26CBAF011B6F765B00A7BB5D /* MQFileManager.swift */,
				26CBAF021B6F765B00A7BB5D /* MQNSNotificationObject.swift */,
				26CBAF031B6F765B00A7BB5D /* Operations */,
			);
			path = Objects;
			sourceTree = "<group>";
		};
		265A067E1ADE555400826150 /* Supporting Files */ = {
			isa = PBXGroup;
			children = (
				265A067F1ADE555400826150 /* Info.plist */,
			);
			path = "Supporting Files";
			sourceTree = "<group>";
		};
		2664406D1B56CB1C00186C4B /* Forms */ = {
			isa = PBXGroup;
			children = (
				2664406E1B56CB1C00186C4B /* MQFieldCell.swift */,
				2664406F1B56CB1C00186C4B /* MQFieldPickerView.swift */,
				266440701B56CB1C00186C4B /* MQFieldTextField.swift */,
				266440851B56CB5400186C4B /* MQFieldTextView.swift */,
			);
			path = Forms;
			sourceTree = "<group>";
		};
		266440711B56CB1C00186C4B /* Loadable Screens */ = {
			isa = PBXGroup;
			children = (
				266440721B56CB1C00186C4B /* MQDefaultNoResultsView.swift */,
				266440731B56CB1C00186C4B /* MQDefaultRetryView.swift */,
				266440741B56CB1C00186C4B /* MQDefaultStartingView.swift */,
				266440751B56CB1C00186C4B /* MQLoadingOverlay.swift */,
				266440761B56CB1C00186C4B /* MQLoadingView.swift */,
				266440771B56CB1C00186C4B /* MQNoResultsView.swift */,
				266440781B56CB1C00186C4B /* MQRetryView.swift */,
				266440791B56CB1C00186C4B /* MQStartingView.swift */,
			);
			path = "Loadable Screens";
			sourceTree = "<group>";
		};
		2682CAB11AE26DA60039CBB1 /* Views */ = {
			isa = PBXGroup;
			children = (
				2664406D1B56CB1C00186C4B /* Forms */,
				266440711B56CB1C00186C4B /* Loadable Screens */,
				26B416681AF7471700CF80B0 /* MQTableViewCell.swift */,
				26A07BD61B182607006250CF /* MQAspectFitLabel.swift */,
				2666595C1B257F87003F24F8 /* MQButton.swift */,
				2666595E1B258080003F24F8 /* MQLabelButton.swift */,
				266659601B2581A1003F24F8 /* MQImageButton.swift */,
			);
			path = Views;
			sourceTree = "<group>";
		};
		26CBAEF31B6F765B00A7BB5D /* Dialogs */ = {
			isa = PBXGroup;
			children = (
				26CBAEF41B6F765B00A7BB5D /* MQAlertDialog.swift */,
				26CBAEF51B6F765B00A7BB5D /* MQConfirmDialog.swift */,
				26CBAEF61B6F765B00A7BB5D /* MQErrorDialog.swift */,
			);
			path = Dialogs;
			sourceTree = "<group>";
		};
		26CBAEF71B6F765B00A7BB5D /* Error Handling */ = {
			isa = PBXGroup;
			children = (
				26CBAEF81B6F765B00A7BB5D /* MQError.swift */,
				267207551BE5C1DD0041E17D /* MQErrorBuilder.swift */,
			);
			path = "Error Handling";
			sourceTree = "<group>";
		};
		26CBAEFA1B6F765B00A7BB5D /* Form Fields */ = {
			isa = PBXGroup;
			children = (
				26CBAEFB1B6F765B00A7BB5D /* MQDataModel.swift */,
				26CBAEFC1B6F765B00A7BB5D /* MQField.swift */,
				26CBAEFD1B6F765B00A7BB5D /* MQFieldCollection.swift */,
				26CBAEFE1B6F765B00A7BB5D /* MQFieldTextFieldDelegate.swift */,
			);
			path = "Form Fields";
			sourceTree = "<group>";
		};
		26CBAF031B6F765B00A7BB5D /* Operations */ = {
			isa = PBXGroup;
			children = (
				26CBAF041B6F765B00A7BB5D /* MQAsynchronousOperation.swift */,
				26CBAF051B6F765B00A7BB5D /* MQChainedOperation.swift */,
				26CBAF061B6F765B00A7BB5D /* MQOperation.swift */,
				26CBAF071B6F765B00A7BB5D /* MQURLOperation.swift */,
			);
			path = Operations;
			sourceTree = "<group>";
		};
		26E9FE811ADE090B00E92745 = {
			isa = PBXGroup;
			children = (
				2682CAED1AE36D2C0039CBB1 /* README.md */,
				26E9FE8D1ADE090B00E92745 /* MQBoilerplateSwift */,
				26E9FE9A1ADE090B00E92745 /* MQBoilerplateSwiftTests */,
				26E9FE8C1ADE090B00E92745 /* Products */,
			);
			sourceTree = "<group>";
		};
		26E9FE8C1ADE090B00E92745 /* Products */ = {
			isa = PBXGroup;
			children = (
				26E9FE8B1ADE090B00E92745 /* MQBoilerplateSwift.framework */,
				26E9FE961ADE090B00E92745 /* MQBoilerplateSwiftTests.xctest */,
			);
			name = Products;
			sourceTree = "<group>";
		};
		26E9FE8D1ADE090B00E92745 /* MQBoilerplateSwift */ = {
			isa = PBXGroup;
			children = (
				26F531551B0E53F000D4AF08 /* Functions */,
				2682CAB11AE26DA60039CBB1 /* Views */,
				26F28ADE1ADF89830070A08B /* Controllers */,
				265A067D1ADE555400826150 /* Objects */,
				265A067E1ADE555400826150 /* Supporting Files */,
				26E9FEA81ADE094900E92745 /* Extensions */,
				26E9FE901ADE090B00E92745 /* MQBoilerplateSwift.h */,
			);
			path = MQBoilerplateSwift;
			sourceTree = "<group>";
		};
		26E9FE9A1ADE090B00E92745 /* MQBoilerplateSwiftTests */ = {
			isa = PBXGroup;
			children = (
				26E9FE9D1ADE090B00E92745 /* MQBoilerplateSwiftTests.swift */,
				26E9FE9B1ADE090B00E92745 /* Supporting Files */,
			);
			path = MQBoilerplateSwiftTests;
			sourceTree = "<group>";
		};
		26E9FE9B1ADE090B00E92745 /* Supporting Files */ = {
			isa = PBXGroup;
			children = (
				26E9FE9C1ADE090B00E92745 /* Info.plist */,
			);
			name = "Supporting Files";
			sourceTree = "<group>";
		};
		26E9FEA81ADE094900E92745 /* Extensions */ = {
			isa = PBXGroup;
			children = (
				26E9FEAA1ADE098100E92745 /* UIView.swift */,
				26F28AFA1ADF90D10070A08B /* UIColor.swift */,
				269459341AE0B8F300B92DC0 /* NSLayoutConstraint.swift */,
				2682CA8A1AE1B6790039CBB1 /* String.swift */,
				2682CA8C1AE1BA970039CBB1 /* NSCharacterSet.swift */,
				267D5F991AE4CFEC002A2C8D /* UIViewController.swift */,
				267B856A1B185DCA00AAF8E8 /* Double.swift */,
				2650C9881B5234900003C245 /* MKMapView.swift */,
				2610B2B21B52E73C00DAD825 /* NSDate.swift */,
			);
			path = Extensions;
			sourceTree = "<group>";
		};
		26F28ADE1ADF89830070A08B /* Controllers */ = {
			isa = PBXGroup;
			children = (
				26F28ADF1ADF89960070A08B /* MQStartupViewController.swift */,
				265050201B62D2DC00100EBF /* MQLoadableViewController.swift */,
			);
			path = Controllers;
			sourceTree = "<group>";
		};
		26F531551B0E53F000D4AF08 /* Functions */ = {
			isa = PBXGroup;
			children = (
				26F531561B0E53F800D4AF08 /* Functions.swift */,
			);
			path = Functions;
			sourceTree = "<group>";
		};
/* End PBXGroup section */

/* Begin PBXHeadersBuildPhase section */
		26E9FE881ADE090B00E92745 /* Headers */ = {
			isa = PBXHeadersBuildPhase;
			buildActionMask = 2147483647;
			files = (
				26E9FE911ADE090B00E92745 /* MQBoilerplateSwift.h in Headers */,
			);
			runOnlyForDeploymentPostprocessing = 0;
		};
/* End PBXHeadersBuildPhase section */

/* Begin PBXNativeTarget section */
		26E9FE8A1ADE090B00E92745 /* MQBoilerplateSwift */ = {
			isa = PBXNativeTarget;
			buildConfigurationList = 26E9FEA11ADE090B00E92745 /* Build configuration list for PBXNativeTarget "MQBoilerplateSwift" */;
			buildPhases = (
				26E9FE861ADE090B00E92745 /* Sources */,
				26E9FE871ADE090B00E92745 /* Frameworks */,
				26E9FE881ADE090B00E92745 /* Headers */,
				26E9FE891ADE090B00E92745 /* Resources */,
			);
			buildRules = (
			);
			dependencies = (
			);
			name = MQBoilerplateSwift;
			productName = MQBoilerplateSwift;
			productReference = 26E9FE8B1ADE090B00E92745 /* MQBoilerplateSwift.framework */;
			productType = "com.apple.product-type.framework";
		};
		26E9FE951ADE090B00E92745 /* MQBoilerplateSwiftTests */ = {
			isa = PBXNativeTarget;
			buildConfigurationList = 26E9FEA41ADE090B00E92745 /* Build configuration list for PBXNativeTarget "MQBoilerplateSwiftTests" */;
			buildPhases = (
				26E9FE921ADE090B00E92745 /* Sources */,
				26E9FE931ADE090B00E92745 /* Frameworks */,
				26E9FE941ADE090B00E92745 /* Resources */,
			);
			buildRules = (
			);
			dependencies = (
				26E9FE991ADE090B00E92745 /* PBXTargetDependency */,
			);
			name = MQBoilerplateSwiftTests;
			productName = MQBoilerplateSwiftTests;
			productReference = 26E9FE961ADE090B00E92745 /* MQBoilerplateSwiftTests.xctest */;
			productType = "com.apple.product-type.bundle.unit-test";
		};
/* End PBXNativeTarget section */

/* Begin PBXProject section */
		26E9FE821ADE090B00E92745 /* Project object */ = {
			isa = PBXProject;
			attributes = {
				LastSwiftMigration = 0700;
				LastSwiftUpdateCheck = 0700;
				LastUpgradeCheck = 0800;
				ORGANIZATIONNAME = "Matt Quiros";
				TargetAttributes = {
					26E9FE8A1ADE090B00E92745 = {
						CreatedOnToolsVersion = 6.2;
						LastSwiftMigration = 0820;
					};
					26E9FE951ADE090B00E92745 = {
						CreatedOnToolsVersion = 6.2;
						LastSwiftMigration = 0820;
					};
				};
			};
			buildConfigurationList = 26E9FE851ADE090B00E92745 /* Build configuration list for PBXProject "MQBoilerplateSwift" */;
			compatibilityVersion = "Xcode 3.2";
			developmentRegion = English;
			hasScannedForEncodings = 0;
			knownRegions = (
				en,
				Base,
			);
			mainGroup = 26E9FE811ADE090B00E92745;
			productRefGroup = 26E9FE8C1ADE090B00E92745 /* Products */;
			projectDirPath = "";
			projectRoot = "";
			targets = (
				26E9FE8A1ADE090B00E92745 /* MQBoilerplateSwift */,
				26E9FE951ADE090B00E92745 /* MQBoilerplateSwiftTests */,
			);
		};
/* End PBXProject section */

/* Begin PBXResourcesBuildPhase section */
		26E9FE891ADE090B00E92745 /* Resources */ = {
			isa = PBXResourcesBuildPhase;
			buildActionMask = 2147483647;
			files = (
			);
			runOnlyForDeploymentPostprocessing = 0;
		};
		26E9FE941ADE090B00E92745 /* Resources */ = {
			isa = PBXResourcesBuildPhase;
			buildActionMask = 2147483647;
			files = (
			);
			runOnlyForDeploymentPostprocessing = 0;
		};
/* End PBXResourcesBuildPhase section */

/* Begin PBXSourcesBuildPhase section */
		26E9FE861ADE090B00E92745 /* Sources */ = {
			isa = PBXSourcesBuildPhase;
			buildActionMask = 2147483647;
			files = (
				2666595F1B258080003F24F8 /* MQLabelButton.swift in Sources */,
				266440801B56CB1C00186C4B /* MQLoadingOverlay.swift in Sources */,
				26B416691AF7471700CF80B0 /* MQTableViewCell.swift in Sources */,
				266440861B56CB5400186C4B /* MQFieldTextView.swift in Sources */,
				26CBAF111B6F765B00A7BB5D /* MQArchivableValueType.swift in Sources */,
				26CBAF131B6F765B00A7BB5D /* MQFileManager.swift in Sources */,
				26F28AFB1ADF90D10070A08B /* UIColor.swift in Sources */,
				26CBAF101B6F765B00A7BB5D /* MQFieldTextFieldDelegate.swift in Sources */,
				2664407D1B56CB1C00186C4B /* MQDefaultNoResultsView.swift in Sources */,
				2664407E1B56CB1C00186C4B /* MQDefaultRetryView.swift in Sources */,
				26F28AE01ADF89960070A08B /* MQStartupViewController.swift in Sources */,
				269459351AE0B8F300B92DC0 /* NSLayoutConstraint.swift in Sources */,
				26CBAF0D1B6F765B00A7BB5D /* MQDataModel.swift in Sources */,
				2664407B1B56CB1C00186C4B /* MQFieldPickerView.swift in Sources */,
				266440821B56CB1C00186C4B /* MQNoResultsView.swift in Sources */,
				26CBAF0A1B6F765B00A7BB5D /* MQErrorDialog.swift in Sources */,
				26CBAF091B6F765B00A7BB5D /* MQConfirmDialog.swift in Sources */,
				26CBAF181B6F765B00A7BB5D /* MQURLOperation.swift in Sources */,
				26F531571B0E53F800D4AF08 /* Functions.swift in Sources */,
				2682CA8D1AE1BA970039CBB1 /* NSCharacterSet.swift in Sources */,
				2664407F1B56CB1C00186C4B /* MQDefaultStartingView.swift in Sources */,
				266659611B2581A1003F24F8 /* MQImageButton.swift in Sources */,
				2610B2B31B52E73C00DAD825 /* NSDate.swift in Sources */,
				26CBAF161B6F765B00A7BB5D /* MQChainedOperation.swift in Sources */,
				26E9FEAB1ADE098100E92745 /* UIView.swift in Sources */,
				26CBAF141B6F765B00A7BB5D /* MQNSNotificationObject.swift in Sources */,
				266440811B56CB1C00186C4B /* MQLoadingView.swift in Sources */,
				266440841B56CB1C00186C4B /* MQStartingView.swift in Sources */,
				26CBAF0B1B6F765B00A7BB5D /* MQError.swift in Sources */,
				2664407C1B56CB1C00186C4B /* MQFieldTextField.swift in Sources */,
				267207561BE5C1DD0041E17D /* MQErrorBuilder.swift in Sources */,
				26CBAF081B6F765B00A7BB5D /* MQAlertDialog.swift in Sources */,
				26CBAF0E1B6F765B00A7BB5D /* MQField.swift in Sources */,
				26CBAF121B6F765B00A7BB5D /* MQDispatcher.swift in Sources */,
				266440831B56CB1C00186C4B /* MQRetryView.swift in Sources */,
				265050211B62D2DC00100EBF /* MQLoadableViewController.swift in Sources */,
				267D5F9A1AE4CFEC002A2C8D /* UIViewController.swift in Sources */,
				2682CA8B1AE1B6790039CBB1 /* String.swift in Sources */,
				26CBAF0F1B6F765B00A7BB5D /* MQFieldCollection.swift in Sources */,
				2650C9891B5234900003C245 /* MKMapView.swift in Sources */,
				2666595D1B257F87003F24F8 /* MQButton.swift in Sources */,
				2664407A1B56CB1C00186C4B /* MQFieldCell.swift in Sources */,
				267B856B1B185DCA00AAF8E8 /* Double.swift in Sources */,
				26A07BD71B182607006250CF /* MQAspectFitLabel.swift in Sources */,
				26CBAF151B6F765B00A7BB5D /* MQAsynchronousOperation.swift in Sources */,
				26CBAF171B6F765B00A7BB5D /* MQOperation.swift in Sources */,
			);
			runOnlyForDeploymentPostprocessing = 0;
		};
		26E9FE921ADE090B00E92745 /* Sources */ = {
			isa = PBXSourcesBuildPhase;
			buildActionMask = 2147483647;
			files = (
				26E9FE9E1ADE090B00E92745 /* MQBoilerplateSwiftTests.swift in Sources */,
			);
			runOnlyForDeploymentPostprocessing = 0;
		};
/* End PBXSourcesBuildPhase section */

/* Begin PBXTargetDependency section */
		26E9FE991ADE090B00E92745 /* PBXTargetDependency */ = {
			isa = PBXTargetDependency;
			target = 26E9FE8A1ADE090B00E92745 /* MQBoilerplateSwift */;
			targetProxy = 26E9FE981ADE090B00E92745 /* PBXContainerItemProxy */;
		};
/* End PBXTargetDependency section */

/* Begin XCBuildConfiguration section */
		26E9FE9F1ADE090B00E92745 /* Debug */ = {
			isa = XCBuildConfiguration;
			buildSettings = {
				ALWAYS_SEARCH_USER_PATHS = NO;
				CLANG_ALLOW_NON_MODULAR_INCLUDES_IN_FRAMEWORK_MODULES = NO;
				CLANG_CXX_LANGUAGE_STANDARD = "gnu++0x";
				CLANG_CXX_LIBRARY = "libc++";
				CLANG_ENABLE_MODULES = YES;
				CLANG_ENABLE_OBJC_ARC = YES;
				CLANG_WARN_BOOL_CONVERSION = YES;
				CLANG_WARN_CONSTANT_CONVERSION = YES;
				CLANG_WARN_DIRECT_OBJC_ISA_USAGE = YES_ERROR;
				CLANG_WARN_EMPTY_BODY = YES;
				CLANG_WARN_ENUM_CONVERSION = YES;
				CLANG_WARN_INFINITE_RECURSION = YES;
				CLANG_WARN_INT_CONVERSION = YES;
				CLANG_WARN_OBJC_ROOT_CLASS = YES_ERROR;
				CLANG_WARN_SUSPICIOUS_MOVE = YES;
				CLANG_WARN_UNREACHABLE_CODE = YES;
				CLANG_WARN__DUPLICATE_METHOD_MATCH = YES;
				CODE_SIGN_IDENTITY = "iPhone Developer";
				"CODE_SIGN_IDENTITY[sdk=iphoneos*]" = "iPhone Developer";
				COPY_PHASE_STRIP = NO;
				CURRENT_PROJECT_VERSION = 1;
				DEFINES_MODULE = YES;
				ENABLE_STRICT_OBJC_MSGSEND = YES;
				ENABLE_TESTABILITY = YES;
				GCC_C_LANGUAGE_STANDARD = gnu99;
				GCC_DYNAMIC_NO_PIC = NO;
				GCC_NO_COMMON_BLOCKS = YES;
				GCC_OPTIMIZATION_LEVEL = 0;
				GCC_PREPROCESSOR_DEFINITIONS = (
					"DEBUG=1",
					"$(inherited)",
				);
				GCC_SYMBOLS_PRIVATE_EXTERN = NO;
				GCC_WARN_64_TO_32_BIT_CONVERSION = YES;
				GCC_WARN_ABOUT_RETURN_TYPE = YES_ERROR;
				GCC_WARN_UNDECLARED_SELECTOR = YES;
				GCC_WARN_UNINITIALIZED_AUTOS = YES_AGGRESSIVE;
				GCC_WARN_UNUSED_FUNCTION = YES;
				GCC_WARN_UNUSED_VARIABLE = YES;
				IPHONEOS_DEPLOYMENT_TARGET = 8.0;
				MTL_ENABLE_DEBUG_INFO = YES;
				ONLY_ACTIVE_ARCH = YES;
				SDKROOT = iphoneos;
				SWIFT_OPTIMIZATION_LEVEL = "-Onone";
				SWIFT_VERSION = 3.0;
				TARGETED_DEVICE_FAMILY = "1,2";
				VERSIONING_SYSTEM = "apple-generic";
				VERSION_INFO_PREFIX = "";
			};
			name = Debug;
		};
		26E9FEA01ADE090B00E92745 /* Release */ = {
			isa = XCBuildConfiguration;
			buildSettings = {
				ALWAYS_SEARCH_USER_PATHS = NO;
				CLANG_ALLOW_NON_MODULAR_INCLUDES_IN_FRAMEWORK_MODULES = NO;
				CLANG_CXX_LANGUAGE_STANDARD = "gnu++0x";
				CLANG_CXX_LIBRARY = "libc++";
				CLANG_ENABLE_MODULES = YES;
				CLANG_ENABLE_OBJC_ARC = YES;
				CLANG_WARN_BOOL_CONVERSION = YES;
				CLANG_WARN_CONSTANT_CONVERSION = YES;
				CLANG_WARN_DIRECT_OBJC_ISA_USAGE = YES_ERROR;
				CLANG_WARN_EMPTY_BODY = YES;
				CLANG_WARN_ENUM_CONVERSION = YES;
				CLANG_WARN_INFINITE_RECURSION = YES;
				CLANG_WARN_INT_CONVERSION = YES;
				CLANG_WARN_OBJC_ROOT_CLASS = YES_ERROR;
				CLANG_WARN_SUSPICIOUS_MOVE = YES;
				CLANG_WARN_UNREACHABLE_CODE = YES;
				CLANG_WARN__DUPLICATE_METHOD_MATCH = YES;
				CODE_SIGN_IDENTITY = "iPhone Distribution";
				"CODE_SIGN_IDENTITY[sdk=iphoneos*]" = "iPhone Distribution";
				COPY_PHASE_STRIP = NO;
				CURRENT_PROJECT_VERSION = 1;
				DEFINES_MODULE = YES;
				ENABLE_NS_ASSERTIONS = NO;
				ENABLE_STRICT_OBJC_MSGSEND = YES;
				GCC_C_LANGUAGE_STANDARD = gnu99;
				GCC_NO_COMMON_BLOCKS = YES;
				GCC_WARN_64_TO_32_BIT_CONVERSION = YES;
				GCC_WARN_ABOUT_RETURN_TYPE = YES_ERROR;
				GCC_WARN_UNDECLARED_SELECTOR = YES;
				GCC_WARN_UNINITIALIZED_AUTOS = YES_AGGRESSIVE;
				GCC_WARN_UNUSED_FUNCTION = YES;
				GCC_WARN_UNUSED_VARIABLE = YES;
				IPHONEOS_DEPLOYMENT_TARGET = 8.0;
				MTL_ENABLE_DEBUG_INFO = NO;
				SDKROOT = iphoneos;
				SWIFT_OPTIMIZATION_LEVEL = "-Owholemodule";
				SWIFT_VERSION = 3.0;
				TARGETED_DEVICE_FAMILY = "1,2";
				VALIDATE_PRODUCT = YES;
				VERSIONING_SYSTEM = "apple-generic";
				VERSION_INFO_PREFIX = "";
			};
			name = Release;
		};
		26E9FEA21ADE090B00E92745 /* Debug */ = {
			isa = XCBuildConfiguration;
			buildSettings = {
				CLANG_ALLOW_NON_MODULAR_INCLUDES_IN_FRAMEWORK_MODULES = NO;
				CLANG_ENABLE_MODULES = YES;
				CODE_SIGN_IDENTITY = "iPhone Developer";
				"CODE_SIGN_IDENTITY[sdk=iphoneos*]" = "";
				DEFINES_MODULE = YES;
				DYLIB_COMPATIBILITY_VERSION = 1;
				DYLIB_CURRENT_VERSION = 1;
				DYLIB_INSTALL_NAME_BASE = "@rpath";
				ENABLE_BITCODE = YES;
				INFOPLIST_FILE = "MQBoilerplateSwift/Supporting Files/Info.plist";
				INSTALL_PATH = "$(LOCAL_LIBRARY_DIR)/Frameworks";
				IPHONEOS_DEPLOYMENT_TARGET = 8.0;
				LD_RUNPATH_SEARCH_PATHS = "$(inherited) @executable_path/Frameworks @loader_path/Frameworks";
				PRODUCT_BUNDLE_IDENTIFIER = "com.mattquiros.$(PRODUCT_NAME:rfc1034identifier)";
				PRODUCT_NAME = "$(TARGET_NAME)";
				SKIP_INSTALL = YES;
				SWIFT_OBJC_BRIDGING_HEADER = "";
				SWIFT_OPTIMIZATION_LEVEL = "-Onone";
				SWIFT_VERSION = 3.0;
			};
			name = Debug;
		};
		26E9FEA31ADE090B00E92745 /* Release */ = {
			isa = XCBuildConfiguration;
			buildSettings = {
				CLANG_ALLOW_NON_MODULAR_INCLUDES_IN_FRAMEWORK_MODULES = NO;
				CLANG_ENABLE_MODULES = YES;
				CODE_SIGN_IDENTITY = "iPhone Distribution";
				"CODE_SIGN_IDENTITY[sdk=iphoneos*]" = "";
				DEFINES_MODULE = YES;
				DYLIB_COMPATIBILITY_VERSION = 1;
				DYLIB_CURRENT_VERSION = 1;
				DYLIB_INSTALL_NAME_BASE = "@rpath";
				ENABLE_BITCODE = YES;
				INFOPLIST_FILE = "MQBoilerplateSwift/Supporting Files/Info.plist";
				INSTALL_PATH = "$(LOCAL_LIBRARY_DIR)/Frameworks";
				IPHONEOS_DEPLOYMENT_TARGET = 8.0;
				LD_RUNPATH_SEARCH_PATHS = "$(inherited) @executable_path/Frameworks @loader_path/Frameworks";
				PRODUCT_BUNDLE_IDENTIFIER = "com.mattquiros.$(PRODUCT_NAME:rfc1034identifier)";
				PRODUCT_NAME = "$(TARGET_NAME)";
				SKIP_INSTALL = YES;
				SWIFT_OBJC_BRIDGING_HEADER = "";
				SWIFT_VERSION = 3.0;
			};
			name = Release;
		};
		26E9FEA51ADE090B00E92745 /* Debug */ = {
			isa = XCBuildConfiguration;
			buildSettings = {
				FRAMEWORK_SEARCH_PATHS = (
					"$(SDKROOT)/Developer/Library/Frameworks",
					"$(inherited)",
				);
				GCC_PREPROCESSOR_DEFINITIONS = (
					"DEBUG=1",
					"$(inherited)",
				);
				INFOPLIST_FILE = MQBoilerplateSwiftTests/Info.plist;
				LD_RUNPATH_SEARCH_PATHS = "$(inherited) @executable_path/Frameworks @loader_path/Frameworks";
				PRODUCT_BUNDLE_IDENTIFIER = "com.mattquiros.$(PRODUCT_NAME:rfc1034identifier)";
				PRODUCT_NAME = "$(TARGET_NAME)";
				SWIFT_VERSION = 3.0;
			};
			name = Debug;
		};
		26E9FEA61ADE090B00E92745 /* Release */ = {
			isa = XCBuildConfiguration;
			buildSettings = {
				FRAMEWORK_SEARCH_PATHS = (
					"$(SDKROOT)/Developer/Library/Frameworks",
					"$(inherited)",
				);
				INFOPLIST_FILE = MQBoilerplateSwiftTests/Info.plist;
				LD_RUNPATH_SEARCH_PATHS = "$(inherited) @executable_path/Frameworks @loader_path/Frameworks";
				PRODUCT_BUNDLE_IDENTIFIER = "com.mattquiros.$(PRODUCT_NAME:rfc1034identifier)";
				PRODUCT_NAME = "$(TARGET_NAME)";
				SWIFT_VERSION = 3.0;
			};
			name = Release;
		};
/* End XCBuildConfiguration section */

/* Begin XCConfigurationList section */
		26E9FE851ADE090B00E92745 /* Build configuration list for PBXProject "MQBoilerplateSwift" */ = {
			isa = XCConfigurationList;
			buildConfigurations = (
				26E9FE9F1ADE090B00E92745 /* Debug */,
				26E9FEA01ADE090B00E92745 /* Release */,
			);
			defaultConfigurationIsVisible = 0;
			defaultConfigurationName = Release;
		};
		26E9FEA11ADE090B00E92745 /* Build configuration list for PBXNativeTarget "MQBoilerplateSwift" */ = {
			isa = XCConfigurationList;
			buildConfigurations = (
				26E9FEA21ADE090B00E92745 /* Debug */,
				26E9FEA31ADE090B00E92745 /* Release */,
			);
			defaultConfigurationIsVisible = 0;
			defaultConfigurationName = Release;
		};
		26E9FEA41ADE090B00E92745 /* Build configuration list for PBXNativeTarget "MQBoilerplateSwiftTests" */ = {
			isa = XCConfigurationList;
			buildConfigurations = (
				26E9FEA51ADE090B00E92745 /* Debug */,
				26E9FEA61ADE090B00E92745 /* Release */,
			);
			defaultConfigurationIsVisible = 0;
			defaultConfigurationName = Release;
		};
/* End XCConfigurationList section */
	};
	rootObject = 26E9FE821ADE090B00E92745 /* Project object */;
}
